{
  "name": "snuggles",
  "lockfileVersion": 3,
  "requires": true,
  "packages": {
    "": {
      "name": "snuggles",
      "dependencies": {
        "@iarna/toml": "^2.2.5",
        "bson": "^6.9.0",
        "discord.js": "^14.16.2",
        "tslog": "^4.9.3"
      },
      "devDependencies": {
        "@types/bun": "latest",
        "prisma": "^5.21.1"
      },
      "peerDependencies": {
        "typescript": "^5.0.0"
      }
    },
    "node_modules/@discordjs/builders": {
      "version": "1.9.0",
      "license": "Apache-2.0",
      "dependencies": {
        "@discordjs/formatters": "^0.5.0",
        "@discordjs/util": "^1.1.1",
        "@sapphire/shapeshift": "^4.0.0",
        "discord-api-types": "0.37.97",
        "fast-deep-equal": "^3.1.3",
        "ts-mixer": "^6.0.4",
        "tslib": "^2.6.3"
      },
      "engines": {
        "node": ">=18"
      },
      "funding": {
        "url": "https://github.com/discordjs/discord.js?sponsor"
      }
    },
    "node_modules/@discordjs/builders/node_modules/discord-api-types": {
      "version": "0.37.97",
      "license": "MIT"
    },
    "node_modules/@discordjs/collection": {
      "version": "1.5.3",
      "license": "Apache-2.0",
      "engines": {
        "node": ">=16.11.0"
      }
    },
    "node_modules/@discordjs/formatters": {
      "version": "0.5.0",
      "license": "Apache-2.0",
      "dependencies": {
        "discord-api-types": "0.37.97"
      },
      "engines": {
        "node": ">=18"
      },
      "funding": {
        "url": "https://github.com/discordjs/discord.js?sponsor"
      }
    },
    "node_modules/@discordjs/formatters/node_modules/discord-api-types": {
      "version": "0.37.97",
      "license": "MIT"
    },
    "node_modules/@discordjs/rest": {
      "version": "2.4.0",
      "license": "Apache-2.0",
      "dependencies": {
        "@discordjs/collection": "^2.1.1",
        "@discordjs/util": "^1.1.1",
        "@sapphire/async-queue": "^1.5.3",
        "@sapphire/snowflake": "^3.5.3",
        "@vladfrangu/async_event_emitter": "^2.4.6",
        "discord-api-types": "0.37.97",
        "magic-bytes.js": "^1.10.0",
        "tslib": "^2.6.3",
        "undici": "6.19.8"
      },
      "engines": {
        "node": ">=18"
      },
      "funding": {
        "url": "https://github.com/discordjs/discord.js?sponsor"
      }
    },
    "node_modules/@discordjs/rest/node_modules/@discordjs/collection": {
      "version": "2.1.1",
      "license": "Apache-2.0",
      "engines": {
        "node": ">=18"
      },
      "funding": {
        "url": "https://github.com/discordjs/discord.js?sponsor"
      }
    },
    "node_modules/@discordjs/rest/node_modules/discord-api-types": {
      "version": "0.37.97",
      "license": "MIT"
    },
    "node_modules/@discordjs/util": {
      "version": "1.1.1",
      "license": "Apache-2.0",
      "engines": {
        "node": ">=18"
      },
      "funding": {
        "url": "https://github.com/discordjs/discord.js?sponsor"
      }
    },
    "node_modules/@discordjs/ws": {
      "version": "1.1.1",
      "license": "Apache-2.0",
      "dependencies": {
        "@discordjs/collection": "^2.1.0",
        "@discordjs/rest": "^2.3.0",
        "@discordjs/util": "^1.1.0",
        "@sapphire/async-queue": "^1.5.2",
        "@types/ws": "^8.5.10",
        "@vladfrangu/async_event_emitter": "^2.2.4",
        "discord-api-types": "0.37.83",
        "tslib": "^2.6.2",
        "ws": "^8.16.0"
      },
      "engines": {
        "node": ">=16.11.0"
      },
      "funding": {
        "url": "https://github.com/discordjs/discord.js?sponsor"
      }
    },
    "node_modules/@discordjs/ws/node_modules/@discordjs/collection": {
      "version": "2.1.1",
      "license": "Apache-2.0",
      "engines": {
        "node": ">=18"
      },
      "funding": {
        "url": "https://github.com/discordjs/discord.js?sponsor"
      }
    },
    "node_modules/@discordjs/ws/node_modules/discord-api-types": {
      "version": "0.37.83",
      "license": "MIT"
    },
    "node_modules/@iarna/toml": {
      "version": "2.2.5",
      "license": "ISC"
    },
    "node_modules/@prisma/debug": {
      "version": "5.21.1",
      "resolved": "https://registry.npmjs.org/@prisma/debug/-/debug-5.21.1.tgz",
      "integrity": "sha512-uY8SAhcnORhvgtOrNdvWS98Aq/nkQ9QDUxrWAgW8XrCZaI3j2X7zb7Xe6GQSh6xSesKffFbFlkw0c2luHQviZA==",
      "dev": true
    },
    "node_modules/@prisma/engines": {
      "version": "5.21.1",
      "resolved": "https://registry.npmjs.org/@prisma/engines/-/engines-5.21.1.tgz",
      "integrity": "sha512-hGVTldUkIkTwoV8//hmnAAiAchi4oMEKD3aW5H2RrnI50tTdwza7VQbTTAyN3OIHWlK5DVg6xV7X8N/9dtOydA==",
      "dev": true,
      "hasInstallScript": true,
      "dependencies": {
        "@prisma/debug": "5.21.1",
        "@prisma/engines-version": "5.21.1-1.bf0e5e8a04cada8225617067eaa03d041e2bba36",
        "@prisma/fetch-engine": "5.21.1",
        "@prisma/get-platform": "5.21.1"
      }
    },
    "node_modules/@prisma/engines-version": {
      "version": "5.21.1-1.bf0e5e8a04cada8225617067eaa03d041e2bba36",
      "resolved": "https://registry.npmjs.org/@prisma/engines-version/-/engines-version-5.21.1-1.bf0e5e8a04cada8225617067eaa03d041e2bba36.tgz",
      "integrity": "sha512-qvnEflL0//lh44S/T9NcvTMxfyowNeUxTunPcDfKPjyJNrCNf2F1zQLcUv5UHAruECpX+zz21CzsC7V2xAeM7Q==",
      "dev": true
    },
    "node_modules/@prisma/fetch-engine": {
      "version": "5.21.1",
      "resolved": "https://registry.npmjs.org/@prisma/fetch-engine/-/fetch-engine-5.21.1.tgz",
      "integrity": "sha512-70S31vgpCGcp9J+mh/wHtLCkVezLUqe/fGWk3J3JWZIN7prdYSlr1C0niaWUyNK2VflLXYi8kMjAmSxUVq6WGQ==",
      "dev": true,
      "dependencies": {
        "@prisma/debug": "5.21.1",
        "@prisma/engines-version": "5.21.1-1.bf0e5e8a04cada8225617067eaa03d041e2bba36",
        "@prisma/get-platform": "5.21.1"
      }
    },
    "node_modules/@prisma/get-platform": {
      "version": "5.21.1",
      "resolved": "https://registry.npmjs.org/@prisma/get-platform/-/get-platform-5.21.1.tgz",
      "integrity": "sha512-sRxjL3Igst3ct+e8ya/x//cDXmpLbZQ5vfps2N4tWl4VGKQAmym77C/IG/psSMsQKszc8uFC/q1dgmKFLUgXZQ==",
      "dev": true,
      "dependencies": {
        "@prisma/debug": "5.21.1"
      }
    },
    "node_modules/@sapphire/async-queue": {
      "version": "1.5.3",
      "license": "MIT",
      "engines": {
        "node": ">=v14.0.0",
        "npm": ">=7.0.0"
      }
    },
    "node_modules/@sapphire/shapeshift": {
      "version": "4.0.0",
      "license": "MIT",
      "dependencies": {
        "fast-deep-equal": "^3.1.3",
        "lodash": "^4.17.21"
      },
      "engines": {
        "node": ">=v16"
      }
    },
    "node_modules/@sapphire/snowflake": {
      "version": "3.5.3",
      "license": "MIT",
      "engines": {
        "node": ">=v14.0.0",
        "npm": ">=7.0.0"
      }
    },
    "node_modules/@types/bun": {
      "version": "1.1.12",
      "resolved": "https://registry.npmjs.org/@types/bun/-/bun-1.1.12.tgz",
      "integrity": "sha512-UkewJesRDP3+AW30Gc8hvxuIt+vHgYZXmVOKaXV8xnwAnMXTAs3XZDsa/jW+LSdAYhHslokSm72lq63FYYjZqA==",
      "dev": true,
      "dependencies": {
        "bun-types": "1.1.32"
      }
    },
    "node_modules/@types/node": {
      "version": "20.12.14",
      "license": "MIT",
      "dependencies": {
        "undici-types": "~5.26.4"
      }
    },
    "node_modules/@types/ws": {
      "version": "8.5.12",
      "license": "MIT",
      "dependencies": {
        "@types/node": "*"
      }
    },
    "node_modules/@vladfrangu/async_event_emitter": {
      "version": "2.4.6",
      "license": "MIT",
      "engines": {
        "node": ">=v14.0.0",
        "npm": ">=7.0.0"
      }
    },
    "node_modules/bson": {
      "version": "6.9.0",
      "license": "Apache-2.0",
      "engines": {
        "node": ">=16.20.1"
      }
    },
    "node_modules/bun-types": {
      "version": "1.1.32",
      "dev": true,
      "license": "MIT",
      "dependencies": {
        "@types/node": "~20.12.8",
        "@types/ws": "~8.5.10"
      }
    },
    "node_modules/discord-api-types": {
      "version": "0.37.100",
      "license": "MIT"
    },
    "node_modules/discord.js": {
      "version": "14.16.3",
      "license": "Apache-2.0",
      "dependencies": {
        "@discordjs/builders": "^1.9.0",
        "@discordjs/collection": "1.5.3",
        "@discordjs/formatters": "^0.5.0",
        "@discordjs/rest": "^2.4.0",
        "@discordjs/util": "^1.1.1",
        "@discordjs/ws": "1.1.1",
        "@sapphire/snowflake": "3.5.3",
        "discord-api-types": "0.37.100",
        "fast-deep-equal": "3.1.3",
        "lodash.snakecase": "4.1.1",
        "tslib": "^2.6.3",
        "undici": "6.19.8"
      },
      "engines": {
        "node": ">=18"
      },
      "funding": {
        "url": "https://github.com/discordjs/discord.js?sponsor"
      }
    },
    "node_modules/fast-deep-equal": {
      "version": "3.1.3",
      "license": "MIT"
    },
    "node_modules/fsevents": {
      "version": "2.3.3",
      "resolved": "https://registry.npmjs.org/fsevents/-/fsevents-2.3.3.tgz",
      "integrity": "sha512-5xoDfX+fL7faATnagmWPpbFtwh/R77WmMMqqHGS65C3vvB0YHrgF+B1YmZ3441tMj5n63k0212XNoJwzlhffQw==",
      "dev": true,
      "hasInstallScript": true,
      "optional": true,
      "os": [
        "darwin"
      ],
      "engines": {
        "node": "^8.16.0 || ^10.6.0 || >=11.0.0"
      }
    },
    "node_modules/lodash": {
      "version": "4.17.21",
      "license": "MIT"
    },
    "node_modules/lodash.snakecase": {
      "version": "4.1.1",
      "license": "MIT"
    },
    "node_modules/magic-bytes.js": {
      "version": "1.10.0",
      "license": "MIT"
    },
    "node_modules/prisma": {
      "version": "5.21.1",
      "resolved": "https://registry.npmjs.org/prisma/-/prisma-5.21.1.tgz",
      "integrity": "sha512-PB+Iqzld/uQBPaaw2UVIk84kb0ITsLajzsxzsadxxl54eaU5Gyl2/L02ysivHxK89t7YrfQJm+Ggk37uvM70oQ==",
      "dev": true,
      "hasInstallScript": true,
      "dependencies": {
        "@prisma/engines": "5.21.1"
      },
      "bin": {
        "prisma": "build/index.js"
      },
      "engines": {
        "node": ">=16.13"
      },
      "optionalDependencies": {
        "fsevents": "2.3.3"
      }
    },
    "node_modules/ts-mixer": {
      "version": "6.0.4",
      "license": "MIT"
    },
    "node_modules/tslib": {
      "version": "2.8.1",
      "license": "0BSD"
    },
    "node_modules/tslog": {
      "version": "4.9.3",
      "license": "MIT",
      "engines": {
        "node": ">=16"
      },
      "funding": {
        "url": "https://github.com/fullstack-build/tslog?sponsor=1"
      }
    },
    "node_modules/typescript": {
      "version": "5.6.3",
      "license": "Apache-2.0",
      "peer": true,
      "bin": {
        "tsc": "bin/tsc",
        "tsserver": "bin/tsserver"
      },
      "engines": {
        "node": ">=14.17"
      }
    },
    "node_modules/undici": {
      "version": "6.19.8",
      "license": "MIT",
      "engines": {
        "node": ">=18.17"
      }
    },
    "node_modules/undici-types": {
      "version": "5.26.5",
      "license": "MIT"
    },
    "node_modules/ws": {
      "version": "8.18.0",
      "license": "MIT",
      "engines": {
        "node": ">=10.0.0"
      },
      "peerDependencies": {
        "bufferutil": "^4.0.1",
        "utf-8-validate": ">=5.0.2"
      },
      "peerDependenciesMeta": {
        "bufferutil": {
          "optional": true
        },
        "utf-8-validate": {
          "optional": true
        }
      }
    }
  }
}
